
Microsoft Visual Studio Solution File, Format Version 12.00
# Visual Studio 14
VisualStudioVersion = 14.0.23107.0
MinimumVisualStudioVersion = 10.0.40219.1
Project("{FAE04EC0-301F-11D3-BF4B-00C04F79EFBC}") = "Common", "Common\Common.csproj", "{CB1B37EE-627B-44CC-ADDE-E3BDFB52F78D}"
EndProject
Project("{FAE04EC0-301F-11D3-BF4B-00C04F79EFBC}") = "lylw", "lylw\lylw.csproj", "{BBAAD966-F394-4714-BCE8-B7F7E44E7E2E}"
EndProject
Project("{FAE04EC0-301F-11D3-BF4B-00C04F79EFBC}") = "ZXClient", "ZXClient\ZXClient.csproj", "{A6AE12F8-9D4A-484E-B100-4B1361EE6758}"
EndProject
Project("{FAE04EC0-301F-11D3-BF4B-00C04F79EFBC}") = "Utils", "Utils\Utils.csproj", "{B60A521C-59B2-4BBC-9116-C4D7B4619913}"
EndProject
Global
	GlobalSection(SolutionConfigurationPlatforms) = preSolution
		Debug|Any CPU = Debug|Any CPU
		Debug|ARM = Debug|ARM
		Debug|Mixed Platforms = Debug|Mixed Platforms
		Debug|Win32 = Debug|Win32
		Debug|x64 = Debug|x64
		Release|Any CPU = Release|Any CPU
		Release|ARM = Release|ARM
		Release|Mixed Platforms = Release|Mixed Platforms
		Release|Win32 = Release|Win32
		Release|x64 = Release|x64
	EndGlobalSection
	GlobalSection(ProjectConfigurationPlatforms) = postSolution
		{CB1B37EE-627B-44CC-ADDE-E3BDFB52F78D}.Debug|Any CPU.ActiveCfg = Debug|Any CPU
		{CB1B37EE-627B-44CC-ADDE-E3BDFB52F78D}.Debug|Any CPU.Build.0 = Debug|Any CPU
		{CB1B37EE-627B-44CC-ADDE-E3BDFB52F78D}.Debug|ARM.ActiveCfg = Debug|Any CPU
		{CB1B37EE-627B-44CC-ADDE-E3BDFB52F78D}.Debug|Mixed Platforms.ActiveCfg = Debug|Any CPU
		{CB1B37EE-627B-44CC-ADDE-E3BDFB52F78D}.Debug|Mixed Platforms.Build.0 = Debug|Any CPU
		{CB1B37EE-627B-44CC-ADDE-E3BDFB52F78D}.Debug|Win32.ActiveCfg = Debug|Any CPU
		{CB1B37EE-627B-44CC-ADDE-E3BDFB52F78D}.Debug|x64.ActiveCfg = Debug|Any CPU
		{CB1B37EE-627B-44CC-ADDE-E3BDFB52F78D}.Release|Any CPU.ActiveCfg = Release|Any CPU
		{CB1B37EE-627B-44CC-ADDE-E3BDFB52F78D}.Release|Any CPU.Build.0 = Release|Any CPU
		{CB1B37EE-627B-44CC-ADDE-E3BDFB52F78D}.Release|ARM.ActiveCfg = Release|Any CPU
		{CB1B37EE-627B-44CC-ADDE-E3BDFB52F78D}.Release|Mixed Platforms.ActiveCfg = Release|Any CPU
		{CB1B37EE-627B-44CC-ADDE-E3BDFB52F78D}.Release|Mixed Platforms.Build.0 = Release|Any CPU
		{CB1B37EE-627B-44CC-ADDE-E3BDFB52F78D}.Release|Win32.ActiveCfg = Release|Any CPU
		{CB1B37EE-627B-44CC-ADDE-E3BDFB52F78D}.Release|x64.ActiveCfg = Release|Any CPU
		{BBAAD966-F394-4714-BCE8-B7F7E44E7E2E}.Debug|Any CPU.ActiveCfg = Debug|Any CPU
		{BBAAD966-F394-4714-BCE8-B7F7E44E7E2E}.Debug|Any CPU.Build.0 = Debug|Any CPU
		{BBAAD966-F394-4714-BCE8-B7F7E44E7E2E}.Debug|ARM.ActiveCfg = Debug|Any CPU
		{BBAAD966-F394-4714-BCE8-B7F7E44E7E2E}.Debug|Mixed Platforms.ActiveCfg = Debug|Any CPU
		{BBAAD966-F394-4714-BCE8-B7F7E44E7E2E}.Debug|Mixed Platforms.Build.0 = Debug|Any CPU
		{BBAAD966-F394-4714-BCE8-B7F7E44E7E2E}.Debug|Win32.ActiveCfg = Debug|Any CPU
		{BBAAD966-F394-4714-BCE8-B7F7E44E7E2E}.Debug|x64.ActiveCfg = Debug|Any CPU
		{BBAAD966-F394-4714-BCE8-B7F7E44E7E2E}.Release|Any CPU.ActiveCfg = Release|Any CPU
		{BBAAD966-F394-4714-BCE8-B7F7E44E7E2E}.Release|Any CPU.Build.0 = Release|Any CPU
		{BBAAD966-F394-4714-BCE8-B7F7E44E7E2E}.Release|ARM.ActiveCfg = Release|Any CPU
		{BBAAD966-F394-4714-BCE8-B7F7E44E7E2E}.Release|Mixed Platforms.ActiveCfg = Release|Any CPU
		{BBAAD966-F394-4714-BCE8-B7F7E44E7E2E}.Release|Mixed Platforms.Build.0 = Release|Any CPU
		{BBAAD966-F394-4714-BCE8-B7F7E44E7E2E}.Release|Win32.ActiveCfg = Release|Any CPU
		{BBAAD966-F394-4714-BCE8-B7F7E44E7E2E}.Release|x64.ActiveCfg = Release|Any CPU
		{A6AE12F8-9D4A-484E-B100-4B1361EE6758}.Debug|Any CPU.ActiveCfg = Debug|Any CPU
		{A6AE12F8-9D4A-484E-B100-4B1361EE6758}.Debug|Any CPU.Build.0 = Debug|Any CPU
		{A6AE12F8-9D4A-484E-B100-4B1361EE6758}.Debug|ARM.ActiveCfg = Debug|Any CPU
		{A6AE12F8-9D4A-484E-B100-4B1361EE6758}.Debug|Mixed Platforms.ActiveCfg = Debug|Any CPU
		{A6AE12F8-9D4A-484E-B100-4B1361EE6758}.Debug|Mixed Platforms.Build.0 = Debug|Any CPU
		{A6AE12F8-9D4A-484E-B100-4B1361EE6758}.Debug|Win32.ActiveCfg = Debug|Any CPU
		{A6AE12F8-9D4A-484E-B100-4B1361EE6758}.Debug|x64.ActiveCfg = Debug|Any CPU
		{A6AE12F8-9D4A-484E-B100-4B1361EE6758}.Release|Any CPU.ActiveCfg = Release|Any CPU
		{A6AE12F8-9D4A-484E-B100-4B1361EE6758}.Release|Any CPU.Build.0 = Release|Any CPU
		{A6AE12F8-9D4A-484E-B100-4B1361EE6758}.Release|ARM.ActiveCfg = Release|Any CPU
		{A6AE12F8-9D4A-484E-B100-4B1361EE6758}.Release|Mixed Platforms.ActiveCfg = Release|Any CPU
		{A6AE12F8-9D4A-484E-B100-4B1361EE6758}.Release|Mixed Platforms.Build.0 = Release|Any CPU
		{A6AE12F8-9D4A-484E-B100-4B1361EE6758}.Release|Win32.ActiveCfg = Release|Any CPU
		{A6AE12F8-9D4A-484E-B100-4B1361EE6758}.Release|x64.ActiveCfg = Release|Any CPU
		{B60A521C-59B2-4BBC-9116-C4D7B4619913}.Debug|Any CPU.ActiveCfg = Debug|Any CPU
		{B60A521C-59B2-4BBC-9116-C4D7B4619913}.Debug|Any CPU.Build.0 = Debug|Any CPU
		{B60A521C-59B2-4BBC-9116-C4D7B4619913}.Debug|ARM.ActiveCfg = Debug|Any CPU
		{B60A521C-59B2-4BBC-9116-C4D7B4619913}.Debug|Mixed Platforms.ActiveCfg = Debug|Any CPU
		{B60A521C-59B2-4BBC-9116-C4D7B4619913}.Debug|Mixed Platforms.Build.0 = Debug|Any CPU
		{B60A521C-59B2-4BBC-9116-C4D7B4619913}.Debug|Win32.ActiveCfg = Debug|Any CPU
		{B60A521C-59B2-4BBC-9116-C4D7B4619913}.Debug|x64.ActiveCfg = Debug|Any CPU
		{B60A521C-59B2-4BBC-9116-C4D7B4619913}.Release|Any CPU.ActiveCfg = Release|Any CPU
		{B60A521C-59B2-4BBC-9116-C4D7B4619913}.Release|Any CPU.Build.0 = Release|Any CPU
		{B60A521C-59B2-4BBC-9116-C4D7B4619913}.Release|ARM.ActiveCfg = Release|Any CPU
		{B60A521C-59B2-4BBC-9116-C4D7B4619913}.Release|Mixed Platforms.ActiveCfg = Release|Any CPU
		{B60A521C-59B2-4BBC-9116-C4D7B4619913}.Release|Mixed Platforms.Build.0 = Release|Any CPU
		{B60A521C-59B2-4BBC-9116-C4D7B4619913}.Release|Win32.ActiveCfg = Release|Any CPU
		{B60A521C-59B2-4BBC-9116-C4D7B4619913}.Release|x64.ActiveCfg = Release|Any CPU
	EndGlobalSection
	GlobalSection(SolutionProperties) = preSolution
		HideSolutionNode = FALSE
	EndGlobalSection
	GlobalSection(ExtensibilityGlobals) = postSolution
		SolutionGuid = {2EF0F0D3-0688-4137-B069-900F7DB8F1EE}
	EndGlobalSection
EndGlobal
