
Microsoft Visual Studio Solution File, Format Version 12.00
# Visual Studio 15
VisualStudioVersion = 15.0.27428.2037
MinimumVisualStudioVersion = 10.0.40219.1
Project("{FAE04EC0-301F-11D3-BF4B-00C04F79EFBC}") = "ZXClient", "ZXClient\ZXClient.csproj", "{6C5B4AB9-8002-4B19-816B-94C57BF43BE7}"
EndProject
Project("{FAE04EC0-301F-11D3-BF4B-00C04F79EFBC}") = "ZXEval", "ZXEval\ZXEval.csproj", "{B9B6A63B-DF17-4146-9BDC-AE09EFD40E11}"
EndProject
Global
	GlobalSection(SolutionConfigurationPlatforms) = preSolution
		Debug|Any CPU = Debug|Any CPU
		Release|Any CPU = Release|Any CPU
	EndGlobalSection
	GlobalSection(ProjectConfigurationPlatforms) = postSolution
		{6C5B4AB9-8002-4B19-816B-94C57BF43BE7}.Debug|Any CPU.ActiveCfg = Debug|Any CPU
		{6C5B4AB9-8002-4B19-816B-94C57BF43BE7}.Debug|Any CPU.Build.0 = Debug|Any CPU
		{6C5B4AB9-8002-4B19-816B-94C57BF43BE7}.Release|Any CPU.ActiveCfg = Release|Any CPU
		{6C5B4AB9-8002-4B19-816B-94C57BF43BE7}.Release|Any CPU.Build.0 = Release|Any CPU
		{B9B6A63B-DF17-4146-9BDC-AE09EFD40E11}.Debug|Any CPU.ActiveCfg = Debug|Any CPU
		{B9B6A63B-DF17-4146-9BDC-AE09EFD40E11}.Debug|Any CPU.Build.0 = Debug|Any CPU
		{B9B6A63B-DF17-4146-9BDC-AE09EFD40E11}.Release|Any CPU.ActiveCfg = Release|Any CPU
		{B9B6A63B-DF17-4146-9BDC-AE09EFD40E11}.Release|Any CPU.Build.0 = Release|Any CPU
	EndGlobalSection
	GlobalSection(SolutionProperties) = preSolution
		HideSolutionNode = FALSE
	EndGlobalSection
	GlobalSection(ExtensibilityGlobals) = postSolution
		SolutionGuid = {2EF0F0D3-0688-4137-B069-900F7DB8F1EE}
	EndGlobalSection
EndGlobal
